
Microsoft Visual Studio Solution File, Format Version 12.00
# Visual Studio Version 16
VisualStudioVersion = 16.0.29806.167
MinimumVisualStudioVersion = 10.0.40219.1
Project("{9A19103F-16F7-4668-BE54-9A1E7A4F7556}") = "ZycyCollecter", "ZycyCollecter\ZycyCollecter.csproj", "{8D6E91B2-38DF-4E22-8422-7B009BC02729}"
EndProject
Project("{9A19103F-16F7-4668-BE54-9A1E7A4F7556}") = "ImageProcessingTest", "ImageProcessingTest\ImageProcessingTest.csproj", "{AA9D430A-1E85-4235-A92F-B5D152D4EB22}"
EndProject
Project("{9A19103F-16F7-4668-BE54-9A1E7A4F7556}") = "ZycyUtility", "ZycyUtility\ZycyUtility.csproj", "{19BFE603-BC62-40AE-8719-B058D0D13D34}"
EndProject
Project("{2150E333-8FDC-42A3-9474-1A3956D46DE8}") = "Solution Items", "Solution Items", "{3BB09E8D-D43A-47A2-8C2E-A3613B296188}"
	ProjectSection(SolutionItems) = preProject
		README.md = README.md
	EndProjectSection
EndProject
Global
	GlobalSection(SolutionConfigurationPlatforms) = preSolution
		Debug|Any CPU = Debug|Any CPU
		Debug|x64 = Debug|x64
		Debug|x86 = Debug|x86
		Release|Any CPU = Release|Any CPU
		Release|x64 = Release|x64
		Release|x86 = Release|x86
	EndGlobalSection
	GlobalSection(ProjectConfigurationPlatforms) = postSolution
		{8D6E91B2-38DF-4E22-8422-7B009BC02729}.Debug|Any CPU.ActiveCfg = Debug|Any CPU
		{8D6E91B2-38DF-4E22-8422-7B009BC02729}.Debug|Any CPU.Build.0 = Debug|Any CPU
		{8D6E91B2-38DF-4E22-8422-7B009BC02729}.Debug|x64.ActiveCfg = Debug|x64
		{8D6E91B2-38DF-4E22-8422-7B009BC02729}.Debug|x64.Build.0 = Debug|x64
		{8D6E91B2-38DF-4E22-8422-7B009BC02729}.Debug|x86.ActiveCfg = Debug|Any CPU
		{8D6E91B2-38DF-4E22-8422-7B009BC02729}.Debug|x86.Build.0 = Debug|Any CPU
		{8D6E91B2-38DF-4E22-8422-7B009BC02729}.Release|Any CPU.ActiveCfg = Release|Any CPU
		{8D6E91B2-38DF-4E22-8422-7B009BC02729}.Release|Any CPU.Build.0 = Release|Any CPU
		{8D6E91B2-38DF-4E22-8422-7B009BC02729}.Release|x64.ActiveCfg = Release|x64
		{8D6E91B2-38DF-4E22-8422-7B009BC02729}.Release|x64.Build.0 = Release|x64
		{8D6E91B2-38DF-4E22-8422-7B009BC02729}.Release|x86.ActiveCfg = Release|Any CPU
		{8D6E91B2-38DF-4E22-8422-7B009BC02729}.Release|x86.Build.0 = Release|Any CPU
		{AA9D430A-1E85-4235-A92F-B5D152D4EB22}.Debug|Any CPU.ActiveCfg = Debug|Any CPU
		{AA9D430A-1E85-4235-A92F-B5D152D4EB22}.Debug|Any CPU.Build.0 = Debug|Any CPU
		{AA9D430A-1E85-4235-A92F-B5D152D4EB22}.Debug|x64.ActiveCfg = Debug|x64
		{AA9D430A-1E85-4235-A92F-B5D152D4EB22}.Debug|x64.Build.0 = Debug|x64
		{AA9D430A-1E85-4235-A92F-B5D152D4EB22}.Debug|x86.ActiveCfg = Debug|Any CPU
		{AA9D430A-1E85-4235-A92F-B5D152D4EB22}.Debug|x86.Build.0 = Debug|Any CPU
		{AA9D430A-1E85-4235-A92F-B5D152D4EB22}.Release|Any CPU.ActiveCfg = Release|Any CPU
		{AA9D430A-1E85-4235-A92F-B5D152D4EB22}.Release|Any CPU.Build.0 = Release|Any CPU
		{AA9D430A-1E85-4235-A92F-B5D152D4EB22}.Release|x64.ActiveCfg = Release|x64
		{AA9D430A-1E85-4235-A92F-B5D152D4EB22}.Release|x64.Build.0 = Release|x64
		{AA9D430A-1E85-4235-A92F-B5D152D4EB22}.Release|x86.ActiveCfg = Release|Any CPU
		{AA9D430A-1E85-4235-A92F-B5D152D4EB22}.Release|x86.Build.0 = Release|Any CPU
		{19BFE603-BC62-40AE-8719-B058D0D13D34}.Debug|Any CPU.ActiveCfg = Debug|Any CPU
		{19BFE603-BC62-40AE-8719-B058D0D13D34}.Debug|Any CPU.Build.0 = Debug|Any CPU
		{19BFE603-BC62-40AE-8719-B058D0D13D34}.Debug|x64.ActiveCfg = Debug|Any CPU
		{19BFE603-BC62-40AE-8719-B058D0D13D34}.Debug|x64.Build.0 = Debug|Any CPU
		{19BFE603-BC62-40AE-8719-B058D0D13D34}.Debug|x86.ActiveCfg = Debug|Any CPU
		{19BFE603-BC62-40AE-8719-B058D0D13D34}.Debug|x86.Build.0 = Debug|Any CPU
		{19BFE603-BC62-40AE-8719-B058D0D13D34}.Release|Any CPU.ActiveCfg = Release|Any CPU
		{19BFE603-BC62-40AE-8719-B058D0D13D34}.Release|Any CPU.Build.0 = Release|Any CPU
		{19BFE603-BC62-40AE-8719-B058D0D13D34}.Release|x64.ActiveCfg = Release|Any CPU
		{19BFE603-BC62-40AE-8719-B058D0D13D34}.Release|x64.Build.0 = Release|Any CPU
		{19BFE603-BC62-40AE-8719-B058D0D13D34}.Release|x86.ActiveCfg = Release|Any CPU
		{19BFE603-BC62-40AE-8719-B058D0D13D34}.Release|x86.Build.0 = Release|Any CPU
	EndGlobalSection
	GlobalSection(SolutionProperties) = preSolution
		HideSolutionNode = FALSE
	EndGlobalSection
	GlobalSection(ExtensibilityGlobals) = postSolution
		SolutionGuid = {90CCC3E8-0EC8-4207-9A61-33B90CB13ACB}
	EndGlobalSection
EndGlobal
